
Microsoft Visual Studio Solution File, Format Version 12.00
# Visual Studio Version 17
VisualStudioVersion = 17.5.33530.505
MinimumVisualStudioVersion = 10.0.40219.1
Project("{FAE04EC0-301F-11D3-BF4B-00C04F79EFBC}") = "BTLyThuyet", "BTLyThuyet.csproj", "{AA506DE4-79E2-4A45-9DB9-A00A4DFF3FBF}"
EndProject
Global
	GlobalSection(SolutionConfigurationPlatforms) = preSolution
		Debug|Any CPU = Debug|Any CPU
		Release|Any CPU = Release|Any CPU
	EndGlobalSection
	GlobalSection(ProjectConfigurationPlatforms) = postSolution
		{AA506DE4-79E2-4A45-9DB9-A00A4DFF3FBF}.Debug|Any CPU.ActiveCfg = Debug|Any CPU
		{AA506DE4-79E2-4A45-9DB9-A00A4DFF3FBF}.Debug|Any CPU.Build.0 = Debug|Any CPU
		{AA506DE4-79E2-4A45-9DB9-A00A4DFF3FBF}.Release|Any CPU.ActiveCfg = Release|Any CPU
		{AA506DE4-79E2-4A45-9DB9-A00A4DFF3FBF}.Release|Any CPU.Build.0 = Release|Any CPU
	EndGlobalSection
	GlobalSection(SolutionProperties) = preSolution
		HideSolutionNode = FALSE
	EndGlobalSection
	GlobalSection(ExtensibilityGlobals) = postSolution
		SolutionGuid = {093F903D-5D94-41E8-83EB-51D74787EB4C}
	EndGlobalSection
EndGlobal
